
Microsoft Visual Studio Solution File, Format Version 12.00
# Visual Studio Version 17
VisualStudioVersion = 17.4.33213.308
MinimumVisualStudioVersion = 10.0.40219.1
Project("{9A19103F-16F7-4668-BE54-9A1E7A4F7556}") = "GeradorDeRelatorios", "GeradorDeRelatorios\GeradorDeRelatorios.csproj", "{4B19BD16-3EDE-4383-8B41-504498D919C5}"
EndProject
Global
	GlobalSection(SolutionConfigurationPlatforms) = preSolution
		Debug|Any CPU = Debug|Any CPU
		Release|Any CPU = Release|Any CPU
	EndGlobalSection
	GlobalSection(ProjectConfigurationPlatforms) = postSolution
		{4B19BD16-3EDE-4383-8B41-504498D919C5}.Debug|Any CPU.ActiveCfg = Debug|Any CPU
		{4B19BD16-3EDE-4383-8B41-504498D919C5}.Debug|Any CPU.Build.0 = Debug|Any CPU
		{4B19BD16-3EDE-4383-8B41-504498D919C5}.Release|Any CPU.ActiveCfg = Release|Any CPU
		{4B19BD16-3EDE-4383-8B41-504498D919C5}.Release|Any CPU.Build.0 = Release|Any CPU
	EndGlobalSection
	GlobalSection(SolutionProperties) = preSolution
		HideSolutionNode = FALSE
	EndGlobalSection
	GlobalSection(ExtensibilityGlobals) = postSolution
		SolutionGuid = {166D9A56-3B4C-47DB-B073-1CD5D6EB4375}
	EndGlobalSection
EndGlobal
